// !$*UTF8*$!
{
	archiveVersion = 1;
	classes = {
	};
	objectVersion = 77;
	objects = {

/* Begin PBXBuildFile section */
		B945BB452F43FEB300FFD049 /* BoopLiveActivityAttributes.swift in Sources */ = {isa = PBXBuildFile; fileRef = B945BB412F43FEB300FFD049 /* BoopLiveActivityAttributes.swift */; };
		B945BB462F43FEB300FFD049 /* xcschememanagement.plist in Resources */ = {isa = PBXBuildFile; fileRef = B945BB3A2F43FEB300FFD049 /* xcschememanagement.plist */; };
		B945BB482F43FEB300FFD049 /* BoopLiveActivityAttributes.swift in Sources */ = {isa = PBXBuildFile; fileRef = B945BB412F43FEB300FFD049 /* BoopLiveActivityAttributes.swift */; };
		B945BB492F43FEB300FFD049 /* xcschememanagement.plist in Resources */ = {isa = PBXBuildFile; fileRef = B945BB3A2F43FEB300FFD049 /* xcschememanagement.plist */; };
		B9ADE1072F3AC2190026F623 /* WidgetKit.framework in Frameworks */ = {isa = PBXBuildFile; fileRef = B9ADE1062F3AC2190026F623 /* WidgetKit.framework */; };
		B9ADE1092F3AC2190026F623 /* SwiftUI.framework in Frameworks */ = {isa = PBXBuildFile; fileRef = B9ADE1082F3AC2190026F623 /* SwiftUI.framework */; };
		B9ADE11A2F3AC21A0026F623 /* BoopLiveActivityExtension.appex in Embed Foundation Extensions */ = {isa = PBXBuildFile; fileRef = B9ADE1052F3AC2190026F623 /* BoopLiveActivityExtension.appex */; settings = {ATTRIBUTES = (RemoveHeadersOnCopy, ); }; };
		5C6341FC3A3D4127ABB75D36 /* Supabase in Frameworks */ = {isa = PBXBuildFile; productRef = CBFEBB55B2784D2FBB29EDEA /* Supabase */; };
/* End PBXBuildFile section */

/* Begin PBXContainerItemProxy section */
		B9ADE1182F3AC21A0026F623 /* PBXContainerItemProxy */ = {
			isa = PBXContainerItemProxy;
			containerPortal = B95BB92B2EB42535000BE885 /* Project object */;
			proxyType = 1;
			remoteGlobalIDString = B9ADE1042F3AC2190026F623;
			remoteInfo = BoopLiveActivityExtension;
		};
/* End PBXContainerItemProxy section */

/* Begin PBXCopyFilesBuildPhase section */
		B9ADE11F2F3AC21A0026F623 /* Embed Foundation Extensions */ = {
			isa = PBXCopyFilesBuildPhase;
			buildActionMask = 2147483647;
			dstPath = "";
			dstSubfolderSpec = 13;
			files = (
				B9ADE11A2F3AC21A0026F623 /* BoopLiveActivityExtension.appex in Embed Foundation Extensions */,
			);
			name = "Embed Foundation Extensions";
			runOnlyForDeploymentPostprocessing = 0;
		};
/* End PBXCopyFilesBuildPhase section */

/* Begin PBXFileReference section */
		B945BB3A2F43FEB300FFD049 /* xcschememanagement.plist */ = {isa = PBXFileReference; lastKnownFileType = text.plist.xml; path = xcschememanagement.plist; sourceTree = "<group>"; };
		B945BB412F43FEB300FFD049 /* BoopLiveActivityAttributes.swift */ = {isa = PBXFileReference; lastKnownFileType = sourcecode.swift; path = BoopLiveActivityAttributes.swift; sourceTree = "<group>"; };
		B95BB9332EB42535000BE885 /* boop-ios.app */ = {isa = PBXFileReference; explicitFileType = wrapper.application; includeInIndex = 0; path = "boop-ios.app"; sourceTree = BUILT_PRODUCTS_DIR; };
		B9ADE1052F3AC2190026F623 /* BoopLiveActivityExtension.appex */ = {isa = PBXFileReference; explicitFileType = "wrapper.app-extension"; includeInIndex = 0; path = BoopLiveActivityExtension.appex; sourceTree = BUILT_PRODUCTS_DIR; };
		B9ADE1062F3AC2190026F623 /* WidgetKit.framework */ = {isa = PBXFileReference; lastKnownFileType = wrapper.framework; name = WidgetKit.framework; path = System/Library/Frameworks/WidgetKit.framework; sourceTree = SDKROOT; };
		B9ADE1082F3AC2190026F623 /* SwiftUI.framework */ = {isa = PBXFileReference; lastKnownFileType = wrapper.framework; name = SwiftUI.framework; path = System/Library/Frameworks/SwiftUI.framework; sourceTree = SDKROOT; };
		B9ADE1292F3AC85F0026F623 /* Assets.xcassets */ = {isa = PBXFileReference; lastKnownFileType = folder.assetcatalog; path = Assets.xcassets; sourceTree = "<group>"; };
		B9ADE12A2F3AC85F0026F623 /* BoopLiveActivityBundle.swift */ = {isa = PBXFileReference; lastKnownFileType = sourcecode.swift; path = BoopLiveActivityBundle.swift; sourceTree = "<group>"; };
		B9ADE12B2F3AC85F0026F623 /* BoopLiveActivityLiveActivity.swift */ = {isa = PBXFileReference; lastKnownFileType = sourcecode.swift; path = BoopLiveActivityLiveActivity.swift; sourceTree = "<group>"; };
		B9ADE12C2F3AC85F0026F623 /* Info.plist */ = {isa = PBXFileReference; lastKnownFileType = text.plist.xml; path = Info.plist; sourceTree = "<group>"; };
		B9ADE12E2F3AC88A0026F623 /* Assets.xcassets */ = {isa = PBXFileReference; lastKnownFileType = folder.assetcatalog; path = Assets.xcassets; sourceTree = "<group>"; };
		B9ADE12F2F3AC88A0026F623 /* BoopLiveActivityBundle.swift */ = {isa = PBXFileReference; lastKnownFileType = sourcecode.swift; path = BoopLiveActivityBundle.swift; sourceTree = "<group>"; };
		B9ADE1302F3AC88A0026F623 /* BoopLiveActivityLiveActivity.swift */ = {isa = PBXFileReference; lastKnownFileType = sourcecode.swift; path = BoopLiveActivityLiveActivity.swift; sourceTree = "<group>"; };
		B9ADE1312F3AC88A0026F623 /* Info.plist */ = {isa = PBXFileReference; lastKnownFileType = text.plist.xml; path = Info.plist; sourceTree = "<group>"; };
/* End PBXFileReference section */

/* Begin PBXFileSystemSynchronizedBuildFileExceptionSet section */
		B9ADE11B2F3AC21A0026F623 /* Exceptions for "BoopLiveActivity" folder in "BoopLiveActivityExtension" target */ = {
			isa = PBXFileSystemSynchronizedBuildFileExceptionSet;
			membershipExceptions = (
				Info.plist,
			);
			target = B9ADE1042F3AC2190026F623 /* BoopLiveActivityExtension */;
		};
/* End PBXFileSystemSynchronizedBuildFileExceptionSet section */

/* Begin PBXFileSystemSynchronizedRootGroup section */
		B95BB9352EB42535000BE885 /* boop-ios */ = {
			isa = PBXFileSystemSynchronizedRootGroup;
			path = "boop-ios";
			sourceTree = "<group>";
		};
		B9ADE10A2F3AC2190026F623 /* BoopLiveActivity */ = {
			isa = PBXFileSystemSynchronizedRootGroup;
			exceptions = (
				B9ADE11B2F3AC21A0026F623 /* Exceptions for "BoopLiveActivity" folder in "BoopLiveActivityExtension" target */,
			);
			path = BoopLiveActivity;
			sourceTree = "<group>";
		};
/* End PBXFileSystemSynchronizedRootGroup section */

/* Begin PBXFrameworksBuildPhase section */
		B95BB9302EB42535000BE885 /* Frameworks */ = {
			isa = PBXFrameworksBuildPhase;
			buildActionMask = 2147483647;
			files = (
				5C6341FC3A3D4127ABB75D36 /* Supabase in Frameworks */,
			);
			runOnlyForDeploymentPostprocessing = 0;
		};
		B9ADE1022F3AC2190026F623 /* Frameworks */ = {
			isa = PBXFrameworksBuildPhase;
			buildActionMask = 2147483647;
			files = (
				B9ADE1092F3AC2190026F623 /* SwiftUI.framework in Frameworks */,
				B9ADE1072F3AC2190026F623 /* WidgetKit.framework in Frameworks */,
			);
			runOnlyForDeploymentPostprocessing = 0;
		};
/* End PBXFrameworksBuildPhase section */

/* Begin PBXGroup section */
		B945BB3B2F43FEB300FFD049 /* xcschemes */ = {
			isa = PBXGroup;
			children = (
				B945BB3A2F43FEB300FFD049 /* xcschememanagement.plist */,
			);
			path = xcschemes;
			sourceTree = "<group>";
		};
		B945BB3C2F43FEB300FFD049 /* aparna.xcuserdatad */ = {
			isa = PBXGroup;
			children = (
				B945BB3B2F43FEB300FFD049 /* xcschemes */,
			);
			path = aparna.xcuserdatad;
			sourceTree = "<group>";
		};
		B945BB3D2F43FEB300FFD049 /* xcuserdata */ = {
			isa = PBXGroup;
			children = (
				B945BB3C2F43FEB300FFD049 /* aparna.xcuserdatad */,
			);
			path = xcuserdata;
			sourceTree = "<group>";
		};
		B945BB3E2F43FEB300FFD049 /* xcode */ = {
			isa = PBXGroup;
			children = (
				B945BB3D2F43FEB300FFD049 /* xcuserdata */,
			);
			path = xcode;
			sourceTree = "<group>";
		};
		B945BB3F2F43FEB300FFD049 /* .swiftpm */ = {
			isa = PBXGroup;
			children = (
				B945BB3E2F43FEB300FFD049 /* xcode */,
			);
			path = .swiftpm;
			sourceTree = "<group>";
		};
		B945BB402F43FEB300FFD049 /* Sources */ = {
			isa = PBXGroup;
			children = (
			);
			path = Sources;
			sourceTree = "<group>";
		};
		B945BB432F43FEB300FFD049 /* Shared */ = {
			isa = PBXGroup;
			children = (
				B945BB3F2F43FEB300FFD049 /* .swiftpm */,
				B945BB402F43FEB300FFD049 /* Sources */,
				B945BB412F43FEB300FFD049 /* BoopLiveActivityAttributes.swift */,
			);
			path = Shared;
			sourceTree = "<group>";
		};
		B95BB92A2EB42535000BE885 = {
			isa = PBXGroup;
			children = (
				B945BB432F43FEB300FFD049 /* Shared */,
				B95BB9352EB42535000BE885 /* boop-ios */,
				B9ADE10A2F3AC2190026F623 /* BoopLiveActivity */,
				B9EDEE672EFC8CD8008C7D4D /* Frameworks */,
				B95BB9342EB42535000BE885 /* Products */,
			);
			sourceTree = "<group>";
		};
		B95BB9342EB42535000BE885 /* Products */ = {
			isa = PBXGroup;
			children = (
				B95BB9332EB42535000BE885 /* boop-ios.app */,
				B9ADE1052F3AC2190026F623 /* BoopLiveActivityExtension.appex */,
			);
			name = Products;
			sourceTree = "<group>";
		};
		B9ADE12D2F3AC85F0026F623 /* BoopLiveActivity */ = {
			isa = PBXGroup;
			children = (
				B9ADE1292F3AC85F0026F623 /* Assets.xcassets */,
				B9ADE12A2F3AC85F0026F623 /* BoopLiveActivityBundle.swift */,
				B9ADE12B2F3AC85F0026F623 /* BoopLiveActivityLiveActivity.swift */,
				B9ADE12C2F3AC85F0026F623 /* Info.plist */,
			);
			path = BoopLiveActivity;
			sourceTree = "<group>";
		};
		B9ADE1322F3AC88A0026F623 /* BoopLiveActivity */ = {
			isa = PBXGroup;
			children = (
				B9ADE12E2F3AC88A0026F623 /* Assets.xcassets */,
				B9ADE12F2F3AC88A0026F623 /* BoopLiveActivityBundle.swift */,
				B9ADE1302F3AC88A0026F623 /* BoopLiveActivityLiveActivity.swift */,
				B9ADE1312F3AC88A0026F623 /* Info.plist */,
			);
			path = BoopLiveActivity;
			sourceTree = "<group>";
		};
		B9EDEE672EFC8CD8008C7D4D /* Frameworks */ = {
			isa = PBXGroup;
			children = (
				B9ADE12D2F3AC85F0026F623 /* BoopLiveActivity */,
				B9ADE1322F3AC88A0026F623 /* BoopLiveActivity */,
				B9ADE1062F3AC2190026F623 /* WidgetKit.framework */,
				B9ADE1082F3AC2190026F623 /* SwiftUI.framework */,
			);
			name = Frameworks;
			sourceTree = "<group>";
		};
/* End PBXGroup section */

/* Begin PBXNativeTarget section */
		B95BB9322EB42535000BE885 /* boop-ios */ = {
			isa = PBXNativeTarget;
			buildConfigurationList = B95BB9432EB42536000BE885 /* Build configuration list for PBXNativeTarget "boop-ios" */;
			buildPhases = (
				B95BB92F2EB42535000BE885 /* Sources */,
				B95BB9302EB42535000BE885 /* Frameworks */,
				B95BB9312EB42535000BE885 /* Resources */,
				B9ADE11F2F3AC21A0026F623 /* Embed Foundation Extensions */,
			);
			buildRules = (
			);
			dependencies = (
				B9ADE1192F3AC21A0026F623 /* PBXTargetDependency */,
			);
			fileSystemSynchronizedGroups = (
				B95BB9352EB42535000BE885 /* boop-ios */,
			);
			name = "boop-ios";
			packageProductDependencies = (
				CBFEBB55B2784D2FBB29EDEA /* Supabase */,
			);
			productName = "boop-ios";
			productReference = B95BB9332EB42535000BE885 /* boop-ios.app */;
			productType = "com.apple.product-type.application";
		};
		B9ADE1042F3AC2190026F623 /* BoopLiveActivityExtension */ = {
			isa = PBXNativeTarget;
			buildConfigurationList = B9ADE11C2F3AC21A0026F623 /* Build configuration list for PBXNativeTarget "BoopLiveActivityExtension" */;
			buildPhases = (
				B9ADE1012F3AC2190026F623 /* Sources */,
				B9ADE1022F3AC2190026F623 /* Frameworks */,
				B9ADE1032F3AC2190026F623 /* Resources */,
			);
			buildRules = (
			);
			dependencies = (
			);
			fileSystemSynchronizedGroups = (
				B9ADE10A2F3AC2190026F623 /* BoopLiveActivity */,
			);
			name = BoopLiveActivityExtension;
			packageProductDependencies = (
			);
			productName = BoopLiveActivityExtension;
			productReference = B9ADE1052F3AC2190026F623 /* BoopLiveActivityExtension.appex */;
			productType = "com.apple.product-type.app-extension";
		};
/* End PBXNativeTarget section */

/* Begin PBXProject section */
		B95BB92B2EB42535000BE885 /* Project object */ = {
			isa = PBXProject;
			attributes = {
				BuildIndependentTargetsInParallel = 1;
				LastSwiftUpdateCheck = 2620;
				LastUpgradeCheck = 2610;
				TargetAttributes = {
					B95BB9322EB42535000BE885 = {
						CreatedOnToolsVersion = 16.2;
					};
					B9ADE1042F3AC2190026F623 = {
						CreatedOnToolsVersion = 26.2;
					};
				};
			};
			buildConfigurationList = B95BB92E2EB42535000BE885 /* Build configuration list for PBXProject "boop-ios" */;
			developmentRegion = en;
			hasScannedForEncodings = 0;
			knownRegions = (
				en,
				Base,
			);
			mainGroup = B95BB92A2EB42535000BE885;
			minimizedProjectReferenceProxies = 1;
			packageReferences = (
				B0B89F3DEA7046E9B984451C /* XCRemoteSwiftPackageReference "supabase-swift" */,
			);
			preferredProjectObjectVersion = 77;
			productRefGroup = B95BB9342EB42535000BE885 /* Products */;
			projectDirPath = "";
			projectRoot = "";
			targets = (
				B95BB9322EB42535000BE885 /* boop-ios */,
				B9ADE1042F3AC2190026F623 /* BoopLiveActivityExtension */,
			);
		};
/* End PBXProject section */

/* Begin PBXResourcesBuildPhase section */
		B95BB9312EB42535000BE885 /* Resources */ = {
			isa = PBXResourcesBuildPhase;
			buildActionMask = 2147483647;
			files = (
				B945BB462F43FEB300FFD049 /* xcschememanagement.plist in Resources */,
			);
			runOnlyForDeploymentPostprocessing = 0;
		};
		B9ADE1032F3AC2190026F623 /* Resources */ = {
			isa = PBXResourcesBuildPhase;
			buildActionMask = 2147483647;
			files = (
				B945BB492F43FEB300FFD049 /* xcschememanagement.plist in Resources */,
			);
			runOnlyForDeploymentPostprocessing = 0;
		};
/* End PBXResourcesBuildPhase section */

/* Begin PBXSourcesBuildPhase section */
		B95BB92F2EB42535000BE885 /* Sources */ = {
			isa = PBXSourcesBuildPhase;
			buildActionMask = 2147483647;
			files = (
				B945BB452F43FEB300FFD049 /* BoopLiveActivityAttributes.swift in Sources */,
			);
			runOnlyForDeploymentPostprocessing = 0;
		};
		B9ADE1012F3AC2190026F623 /* Sources */ = {
			isa = PBXSourcesBuildPhase;
			buildActionMask = 2147483647;
			files = (
				B945BB482F43FEB300FFD049 /* BoopLiveActivityAttributes.swift in Sources */,
			);
			runOnlyForDeploymentPostprocessing = 0;
		};
/* End PBXSourcesBuildPhase section */

/* Begin PBXTargetDependency section */
		B9ADE1192F3AC21A0026F623 /* PBXTargetDependency */ = {
			isa = PBXTargetDependency;
			target = B9ADE1042F3AC2190026F623 /* BoopLiveActivityExtension */;
			targetProxy = B9ADE1182F3AC21A0026F623 /* PBXContainerItemProxy */;
		};
/* End PBXTargetDependency section */

/* Begin XCBuildConfiguration section */
		B95BB9412EB42536000BE885 /* Debug */ = {
			isa = XCBuildConfiguration;
			buildSettings = {
				ALWAYS_SEARCH_USER_PATHS = NO;
				ASSETCATALOG_COMPILER_GENERATE_SWIFT_ASSET_SYMBOL_EXTENSIONS = YES;
				CLANG_ANALYZER_NONNULL = YES;
				CLANG_ANALYZER_NUMBER_OBJECT_CONVERSION = YES_AGGRESSIVE;
				CLANG_CXX_LANGUAGE_STANDARD = "gnu++20";
				CLANG_ENABLE_MODULES = YES;
				CLANG_ENABLE_OBJC_ARC = YES;
				CLANG_ENABLE_OBJC_WEAK = YES;
				CLANG_WARN_BLOCK_CAPTURE_AUTORELEASING = YES;
				CLANG_WARN_BOOL_CONVERSION = YES;
				CLANG_WARN_COMMA = YES;
				CLANG_WARN_CONSTANT_CONVERSION = YES;
				CLANG_WARN_DEPRECATED_OBJC_IMPLEMENTATIONS = YES;
				CLANG_WARN_DIRECT_OBJC_ISA_USAGE = YES_ERROR;
				CLANG_WARN_DOCUMENTATION_COMMENTS = YES;
				CLANG_WARN_EMPTY_BODY = YES;
				CLANG_WARN_ENUM_CONVERSION = YES;
				CLANG_WARN_INFINITE_RECURSION = YES;
				CLANG_WARN_INT_CONVERSION = YES;
				CLANG_WARN_NON_LITERAL_NULL_CONVERSION = YES;
				CLANG_WARN_OBJC_IMPLICIT_RETAIN_SELF = YES;
				CLANG_WARN_OBJC_LITERAL_CONVERSION = YES;
				CLANG_WARN_OBJC_ROOT_CLASS = YES_ERROR;
				CLANG_WARN_QUOTED_INCLUDE_IN_FRAMEWORK_HEADER = YES;
				CLANG_WARN_RANGE_LOOP_ANALYSIS = YES;
				CLANG_WARN_STRICT_PROTOTYPES = YES;
				CLANG_WARN_SUSPICIOUS_MOVE = YES;
				CLANG_WARN_UNGUARDED_AVAILABILITY = YES_AGGRESSIVE;
				CLANG_WARN_UNREACHABLE_CODE = YES;
				CLANG_WARN__DUPLICATE_METHOD_MATCH = YES;
				COPY_PHASE_STRIP = NO;
				DEBUG_INFORMATION_FORMAT = dwarf;
				DEVELOPMENT_TEAM = P3PR8G7GB9;
				ENABLE_STRICT_OBJC_MSGSEND = YES;
				ENABLE_TESTABILITY = YES;
				ENABLE_USER_SCRIPT_SANDBOXING = YES;
				GCC_C_LANGUAGE_STANDARD = gnu17;
				GCC_DYNAMIC_NO_PIC = NO;
				GCC_NO_COMMON_BLOCKS = YES;
				GCC_OPTIMIZATION_LEVEL = 0;
				GCC_PREPROCESSOR_DEFINITIONS = (
					"DEBUG=1",
					"$(inherited)",
				);
				GCC_WARN_64_TO_32_BIT_CONVERSION = YES;
				GCC_WARN_ABOUT_RETURN_TYPE = YES_ERROR;
				GCC_WARN_UNDECLARED_SELECTOR = YES;
				GCC_WARN_UNINITIALIZED_AUTOS = YES_AGGRESSIVE;
				GCC_WARN_UNUSED_FUNCTION = YES;
				GCC_WARN_UNUSED_VARIABLE = YES;
				IPHONEOS_DEPLOYMENT_TARGET = 18.2;
				LOCALIZATION_PREFERS_STRING_CATALOGS = YES;
				MTL_ENABLE_DEBUG_INFO = INCLUDE_SOURCE;
				MTL_FAST_MATH = YES;
				ONLY_ACTIVE_ARCH = YES;
				SDKROOT = iphoneos;
				STRING_CATALOG_GENERATE_SYMBOLS = YES;
				SWIFT_ACTIVE_COMPILATION_CONDITIONS = "DEBUG $(inherited)";
				SWIFT_OPTIMIZATION_LEVEL = "-Onone";
			};
			name = Debug;
		};
		B95BB9422EB42536000BE885 /* Release */ = {
			isa = XCBuildConfiguration;
			buildSettings = {
				ALWAYS_SEARCH_USER_PATHS = NO;
				ASSETCATALOG_COMPILER_GENERATE_SWIFT_ASSET_SYMBOL_EXTENSIONS = YES;
				CLANG_ANALYZER_NONNULL = YES;
				CLANG_ANALYZER_NUMBER_OBJECT_CONVERSION = YES_AGGRESSIVE;
				CLANG_CXX_LANGUAGE_STANDARD = "gnu++20";
				CLANG_ENABLE_MODULES = YES;
				CLANG_ENABLE_OBJC_ARC = YES;
				CLANG_ENABLE_OBJC_WEAK = YES;
				CLANG_WARN_BLOCK_CAPTURE_AUTORELEASING = YES;
				CLANG_WARN_BOOL_CONVERSION = YES;
				CLANG_WARN_COMMA = YES;
				CLANG_WARN_CONSTANT_CONVERSION = YES;
				CLANG_WARN_DEPRECATED_OBJC_IMPLEMENTATIONS = YES;
				CLANG_WARN_DIRECT_OBJC_ISA_USAGE = YES_ERROR;
				CLANG_WARN_DOCUMENTATION_COMMENTS = YES;
				CLANG_WARN_EMPTY_BODY = YES;
				CLANG_WARN_ENUM_CONVERSION = YES;
				CLANG_WARN_INFINITE_RECURSION = YES;
				CLANG_WARN_INT_CONVERSION = YES;
				CLANG_WARN_NON_LITERAL_NULL_CONVERSION = YES;
				CLANG_WARN_OBJC_IMPLICIT_RETAIN_SELF = YES;
				CLANG_WARN_OBJC_LITERAL_CONVERSION = YES;
				CLANG_WARN_OBJC_ROOT_CLASS = YES_ERROR;
				CLANG_WARN_QUOTED_INCLUDE_IN_FRAMEWORK_HEADER = YES;
				CLANG_WARN_RANGE_LOOP_ANALYSIS = YES;
				CLANG_WARN_STRICT_PROTOTYPES = YES;
				CLANG_WARN_SUSPICIOUS_MOVE = YES;
				CLANG_WARN_UNGUARDED_AVAILABILITY = YES_AGGRESSIVE;
				CLANG_WARN_UNREACHABLE_CODE = YES;
				CLANG_WARN__DUPLICATE_METHOD_MATCH = YES;
				COPY_PHASE_STRIP = NO;
				DEBUG_INFORMATION_FORMAT = "dwarf-with-dsym";
				DEVELOPMENT_TEAM = P3PR8G7GB9;
				ENABLE_NS_ASSERTIONS = NO;
				ENABLE_STRICT_OBJC_MSGSEND = YES;
				ENABLE_USER_SCRIPT_SANDBOXING = YES;
				GCC_C_LANGUAGE_STANDARD = gnu17;
				GCC_NO_COMMON_BLOCKS = YES;
				GCC_WARN_64_TO_32_BIT_CONVERSION = YES;
				GCC_WARN_ABOUT_RETURN_TYPE = YES_ERROR;
				GCC_WARN_UNDECLARED_SELECTOR = YES;
				GCC_WARN_UNINITIALIZED_AUTOS = YES_AGGRESSIVE;
				GCC_WARN_UNUSED_FUNCTION = YES;
				GCC_WARN_UNUSED_VARIABLE = YES;
				IPHONEOS_DEPLOYMENT_TARGET = 18.2;
				LOCALIZATION_PREFERS_STRING_CATALOGS = YES;
				MTL_ENABLE_DEBUG_INFO = NO;
				MTL_FAST_MATH = YES;
				SDKROOT = iphoneos;
				STRING_CATALOG_GENERATE_SYMBOLS = YES;
				SWIFT_COMPILATION_MODE = wholemodule;
				VALIDATE_PRODUCT = YES;
			};
			name = Release;
		};
		B95BB9442EB42536000BE885 /* Debug */ = {
			isa = XCBuildConfiguration;
			buildSettings = {
				ASSETCATALOG_COMPILER_APPICON_NAME = AppIcon;
				ASSETCATALOG_COMPILER_GLOBAL_ACCENT_COLOR_NAME = AccentColor;
				CODE_SIGN_ENTITLEMENTS = "boop-ios/boop-ios.entitlements";
				CODE_SIGN_IDENTITY = "Apple Development";
				CODE_SIGN_STYLE = Automatic;
				CURRENT_PROJECT_VERSION = 1;
				DEVELOPMENT_ASSET_PATHS = "\"boop-ios/Preview Content\"";
				DEVELOPMENT_TEAM = Q63385J885;
				ENABLE_PREVIEWS = YES;
				GENERATE_INFOPLIST_FILE = YES;
				INFOPLIST_KEY_CFBundleURLTypes = "<array><dict><key>CFBundleTypeRole</key><string>Editor</string><key>CFBundleURLName</key><string>com.aparna.boop.boop-ios</string><key>CFBundleURLSchemes</key><array><string>boop</string></array></dict></array>";
				INFOPLIST_KEY_NSBluetoothAlwaysUsageDescription = "This app uses Bluetooth to find and connect with nearby devices.";
				INFOPLIST_KEY_NSBluetoothPeripheralUsageDescription = "This app needs Bluetooth access to advertise its presence to nearby devices.";
				INFOPLIST_KEY_NSCameraUsageDescription = "Boop uses your camera to take photos during interactions with friends.";
				INFOPLIST_KEY_NSLocationAlwaysAndWhenInUseUsageDescription = "This app uses location to add location tags to interactions with the user and their friends on the app";
				INFOPLIST_KEY_NSLocationWhenInUseUsageDescription = "Boop uses your location to record the path you travel while hanging out with friends.";
				INFOPLIST_KEY_NSNearbyInteractionUsageDescription = "This app uses Ultra Wideband to accurately detect when devices are close together for the boop feature.";
				INFOPLIST_KEY_NSSupportsLiveActivities = YES;
				INFOPLIST_KEY_UIApplicationSceneManifest_Generation = YES;
				INFOPLIST_KEY_UIApplicationSupportsIndirectInputEvents = YES;
				INFOPLIST_KEY_UILaunchScreen_Generation = YES;
				INFOPLIST_KEY_UISupportedInterfaceOrientations_iPad = "UIInterfaceOrientationPortrait UIInterfaceOrientationPortraitUpsideDown UIInterfaceOrientationLandscapeLeft UIInterfaceOrientationLandscapeRight";
				INFOPLIST_KEY_UISupportedInterfaceOrientations_iPhone = "UIInterfaceOrientationPortrait UIInterfaceOrientationLandscapeLeft UIInterfaceOrientationLandscapeRight";
				LD_RUNPATH_SEARCH_PATHS = (
					"$(inherited)",
					"@executable_path/Frameworks",
				);
				MARKETING_VERSION = 1.0;
				PRODUCT_BUNDLE_IDENTIFIER = "com.bdettmer.boop.boop-ios";
				PRODUCT_NAME = "$(TARGET_NAME)";
				PROVISIONING_PROFILE_SPECIFIER = "";
				SWIFT_EMIT_LOC_STRINGS = YES;
				SWIFT_VERSION = 5.0;
				TARGETED_DEVICE_FAMILY = "1,2";
			};
			name = Debug;
		};
		B95BB9452EB42536000BE885 /* Release */ = {
			isa = XCBuildConfiguration;
			buildSettings = {
				ASSETCATALOG_COMPILER_APPICON_NAME = AppIcon;
				ASSETCATALOG_COMPILER_GLOBAL_ACCENT_COLOR_NAME = AccentColor;
				CODE_SIGN_ENTITLEMENTS = "boop-ios/boop-ios.entitlements";
				CODE_SIGN_IDENTITY = "Apple Development";
				CODE_SIGN_STYLE = Automatic;
				CURRENT_PROJECT_VERSION = 1;
				DEVELOPMENT_ASSET_PATHS = "\"boop-ios/Preview Content\"";
				DEVELOPMENT_TEAM = Q63385J885;
				ENABLE_PREVIEWS = YES;
				GENERATE_INFOPLIST_FILE = YES;
				INFOPLIST_KEY_NSBluetoothAlwaysUsageDescription = "This app uses Bluetooth to find and connect with nearby devices.";
				INFOPLIST_KEY_NSBluetoothPeripheralUsageDescription = "This app needs Bluetooth access to advertise its presence to nearby devices.";
				INFOPLIST_KEY_NSCameraUsageDescription = "Boop uses your camera to take photos during interactions with friends.";
				INFOPLIST_KEY_NSLocationAlwaysAndWhenInUseUsageDescription = "This app uses location to add location tags to interactions with the user and their friends on the app";
				INFOPLIST_KEY_NSLocationWhenInUseUsageDescription = "Boop uses your location to record the path you travel while hanging out with friends.";
				INFOPLIST_KEY_NSNearbyInteractionUsageDescription = "This app uses Ultra Wideband to accurately detect when devices are close together for the boop feature.";
				INFOPLIST_KEY_NSSupportsLiveActivities = YES;
				INFOPLIST_KEY_UIApplicationSceneManifest_Generation = YES;
				INFOPLIST_KEY_UIApplicationSupportsIndirectInputEvents = YES;
				INFOPLIST_KEY_UILaunchScreen_Generation = YES;
				INFOPLIST_KEY_UISupportedInterfaceOrientations_iPad = "UIInterfaceOrientationPortrait UIInterfaceOrientationPortraitUpsideDown UIInterfaceOrientationLandscapeLeft UIInterfaceOrientationLandscapeRight";
				INFOPLIST_KEY_UISupportedInterfaceOrientations_iPhone = "UIInterfaceOrientationPortrait UIInterfaceOrientationLandscapeLeft UIInterfaceOrientationLandscapeRight";
				LD_RUNPATH_SEARCH_PATHS = (
					"$(inherited)",
					"@executable_path/Frameworks",
				);
				MARKETING_VERSION = 1.0;
				PRODUCT_BUNDLE_IDENTIFIER = "com.bdettmer.boop.boop-ios";
				PRODUCT_NAME = "$(TARGET_NAME)";
				PROVISIONING_PROFILE_SPECIFIER = "";
				SWIFT_EMIT_LOC_STRINGS = YES;
				SWIFT_VERSION = 5.0;
				TARGETED_DEVICE_FAMILY = "1,2";
			};
			name = Release;
		};
		B9ADE11D2F3AC21A0026F623 /* Debug */ = {
			isa = XCBuildConfiguration;
			buildSettings = {
				ASSETCATALOG_COMPILER_GLOBAL_ACCENT_COLOR_NAME = AccentColor;
				ASSETCATALOG_COMPILER_WIDGET_BACKGROUND_COLOR_NAME = WidgetBackground;
				CODE_SIGN_IDENTITY = "Apple Development";
				CODE_SIGN_STYLE = Automatic;
				CURRENT_PROJECT_VERSION = 1;
				DEVELOPMENT_TEAM = Q63385J885;
				GENERATE_INFOPLIST_FILE = YES;
				INFOPLIST_FILE = BoopLiveActivity/Info.plist;
				INFOPLIST_KEY_CFBundleDisplayName = BoopLiveActivity;
				INFOPLIST_KEY_NSHumanReadableCopyright = "";
				IPHONEOS_DEPLOYMENT_TARGET = 26.2;
				LD_RUNPATH_SEARCH_PATHS = (
					"$(inherited)",
					"@executable_path/Frameworks",
					"@executable_path/../../Frameworks",
				);
				MARKETING_VERSION = 1.0;
				PRODUCT_BUNDLE_IDENTIFIER = "com.bdettmer.boop.boop-ios.BoopLiveActivity";
				PRODUCT_NAME = "$(TARGET_NAME)";
				SKIP_INSTALL = YES;
				STRING_CATALOG_GENERATE_SYMBOLS = YES;
				SWIFT_APPROACHABLE_CONCURRENCY = YES;
				SWIFT_EMIT_LOC_STRINGS = YES;
				SWIFT_UPCOMING_FEATURE_MEMBER_IMPORT_VISIBILITY = YES;
				SWIFT_VERSION = 5.0;
				TARGETED_DEVICE_FAMILY = "1,2";
			};
			name = Debug;
		};
		B9ADE11E2F3AC21A0026F623 /* Release */ = {
			isa = XCBuildConfiguration;
			buildSettings = {
				ASSETCATALOG_COMPILER_GLOBAL_ACCENT_COLOR_NAME = AccentColor;
				ASSETCATALOG_COMPILER_WIDGET_BACKGROUND_COLOR_NAME = WidgetBackground;
				CODE_SIGN_IDENTITY = "Apple Development";
				CODE_SIGN_STYLE = Automatic;
				CURRENT_PROJECT_VERSION = 1;
				DEVELOPMENT_TEAM = Q63385J885;
				GENERATE_INFOPLIST_FILE = YES;
				INFOPLIST_FILE = BoopLiveActivity/Info.plist;
				INFOPLIST_KEY_CFBundleDisplayName = BoopLiveActivity;
				INFOPLIST_KEY_NSHumanReadableCopyright = "";
				IPHONEOS_DEPLOYMENT_TARGET = 26.2;
				LD_RUNPATH_SEARCH_PATHS = (
					"$(inherited)",
					"@executable_path/Frameworks",
					"@executable_path/../../Frameworks",
				);
				MARKETING_VERSION = 1.0;
				PRODUCT_BUNDLE_IDENTIFIER = "com.bdettmer.boop.boop-ios.BoopLiveActivity";
				PRODUCT_NAME = "$(TARGET_NAME)";
				SKIP_INSTALL = YES;
				STRING_CATALOG_GENERATE_SYMBOLS = YES;
				SWIFT_APPROACHABLE_CONCURRENCY = YES;
				SWIFT_EMIT_LOC_STRINGS = YES;
				SWIFT_UPCOMING_FEATURE_MEMBER_IMPORT_VISIBILITY = YES;
				SWIFT_VERSION = 5.0;
				TARGETED_DEVICE_FAMILY = "1,2";
			};
			name = Release;
		};
/* End XCBuildConfiguration section */

/* Begin XCConfigurationList section */
		B95BB92E2EB42535000BE885 /* Build configuration list for PBXProject "boop-ios" */ = {
			isa = XCConfigurationList;
			buildConfigurations = (
				B95BB9412EB42536000BE885 /* Debug */,
				B95BB9422EB42536000BE885 /* Release */,
			);
			defaultConfigurationIsVisible = 0;
			defaultConfigurationName = Release;
		};
		B95BB9432EB42536000BE885 /* Build configuration list for PBXNativeTarget "boop-ios" */ = {
			isa = XCConfigurationList;
			buildConfigurations = (
				B95BB9442EB42536000BE885 /* Debug */,
				B95BB9452EB42536000BE885 /* Release */,
			);
			defaultConfigurationIsVisible = 0;
			defaultConfigurationName = Release;
		};
		B9ADE11C2F3AC21A0026F623 /* Build configuration list for PBXNativeTarget "BoopLiveActivityExtension" */ = {
			isa = XCConfigurationList;
			buildConfigurations = (
				B9ADE11D2F3AC21A0026F623 /* Debug */,
				B9ADE11E2F3AC21A0026F623 /* Release */,
			);
			defaultConfigurationIsVisible = 0;
			defaultConfigurationName = Release;
		};
/* End XCConfigurationList section */

/* Begin XCRemoteSwiftPackageReference section */
		B0B89F3DEA7046E9B984451C /* XCRemoteSwiftPackageReference "supabase-swift" */ = {
			isa = XCRemoteSwiftPackageReference;
			repositoryURL = "https://github.com/supabase/supabase-swift";
			requirement = {
				kind = upToNextMajorVersion;
				minimumVersion = 2.0.0;
			};
		};
/* End XCRemoteSwiftPackageReference section */

/* Begin XCSwiftPackageProductDependency section */
		CBFEBB55B2784D2FBB29EDEA /* Supabase */ = {
			isa = XCSwiftPackageProductDependency;
			package = B0B89F3DEA7046E9B984451C /* XCRemoteSwiftPackageReference "supabase-swift" */;
			productName = Supabase;
		};
/* End XCSwiftPackageProductDependency section */
	};
	rootObject = B95BB92B2EB42535000BE885 /* Project object */;
}
